
Microsoft Visual Studio Solution File, Format Version 12.00
# Visual Studio Version 17
VisualStudioVersion = 17.6.33815.320
MinimumVisualStudioVersion = 10.0.40219.1
Project("{FAE04EC0-301F-11D3-BF4B-00C04F79EFBC}") = "SquareCalculatorSolution", "SquareCalculatorSolution\SquareCalculatorSolution.csproj", "{AE6BCF30-68C9-4AAF-A939-CA6D6B0CFF7C}"
EndProject
Project("{FAE04EC0-301F-11D3-BF4B-00C04F79EFBC}") = "SquareCalculatorSolution.Application", "SquareCalculatorSolution.Application\SquareCalculatorSolution.Application.csproj", "{02F52D8C-FB11-4838-B3AA-4903BEEB1ED7}"
EndProject
Project("{FAE04EC0-301F-11D3-BF4B-00C04F79EFBC}") = "SquareCalculatorSolution.Domain", "SquareCalculatorSolution.Domain\SquareCalculatorSolution.Domain.csproj", "{413D42B9-4831-487E-83D7-917075317514}"
EndProject
Global
	GlobalSection(SolutionConfigurationPlatforms) = preSolution
		Debug|Any CPU = Debug|Any CPU
		Release|Any CPU = Release|Any CPU
	EndGlobalSection
	GlobalSection(ProjectConfigurationPlatforms) = postSolution
		{AE6BCF30-68C9-4AAF-A939-CA6D6B0CFF7C}.Debug|Any CPU.ActiveCfg = Debug|Any CPU
		{AE6BCF30-68C9-4AAF-A939-CA6D6B0CFF7C}.Debug|Any CPU.Build.0 = Debug|Any CPU
		{AE6BCF30-68C9-4AAF-A939-CA6D6B0CFF7C}.Release|Any CPU.ActiveCfg = Release|Any CPU
		{AE6BCF30-68C9-4AAF-A939-CA6D6B0CFF7C}.Release|Any CPU.Build.0 = Release|Any CPU
		{02F52D8C-FB11-4838-B3AA-4903BEEB1ED7}.Debug|Any CPU.ActiveCfg = Debug|Any CPU
		{02F52D8C-FB11-4838-B3AA-4903BEEB1ED7}.Debug|Any CPU.Build.0 = Debug|Any CPU
		{02F52D8C-FB11-4838-B3AA-4903BEEB1ED7}.Release|Any CPU.ActiveCfg = Release|Any CPU
		{02F52D8C-FB11-4838-B3AA-4903BEEB1ED7}.Release|Any CPU.Build.0 = Release|Any CPU
		{413D42B9-4831-487E-83D7-917075317514}.Debug|Any CPU.ActiveCfg = Debug|Any CPU
		{413D42B9-4831-487E-83D7-917075317514}.Debug|Any CPU.Build.0 = Debug|Any CPU
		{413D42B9-4831-487E-83D7-917075317514}.Release|Any CPU.ActiveCfg = Release|Any CPU
		{413D42B9-4831-487E-83D7-917075317514}.Release|Any CPU.Build.0 = Release|Any CPU
	EndGlobalSection
	GlobalSection(SolutionProperties) = preSolution
		HideSolutionNode = FALSE
	EndGlobalSection
	GlobalSection(ExtensibilityGlobals) = postSolution
		SolutionGuid = {2A220725-359E-4CDD-A953-BA86AB94DCBE}
	EndGlobalSection
EndGlobal
